{
  "nodes": {
    "nixpkgs": {
      "locked": {
        "lastModified": 1672525397,
        "narHash": "sha256-WASDnyxHKWVrEe0dIzkpH+jzKlCKAk0husv0f/9pyxg=",
        "path": "/nix/store/d81qdgaz0v760w7bdai42hb84p0dzzlr-source",
        "rev": "8ba56d7c0d7490680f2d51ba46a141eca7c46afa",
        "type": "path"
      },
      "original": {
        "id": "nixpkgs",
        "type": "indirect"
      }
    },
    "root": {
      "inputs": {
        "nixpkgs": "nixpkgs"
      }
    }
  },
  "root": "root",
  "version": 7
}
